
Microsoft Visual Studio Solution File, Format Version 12.00
# Visual Studio 15
VisualStudioVersion = 15.0.27703.2026
MinimumVisualStudioVersion = 10.0.40219.1
Project("{FAE04EC0-301F-11D3-BF4B-00C04F79EFBC}") = "Örnek Proje Sql", "Örnek Proje Sql\Örnek Proje Sql.csproj", "{CAF8FF30-27A7-43F3-9C13-AC60285011C5}"
EndProject
Global
	GlobalSection(SolutionConfigurationPlatforms) = preSolution
		Debug|Any CPU = Debug|Any CPU
		Release|Any CPU = Release|Any CPU
	EndGlobalSection
	GlobalSection(ProjectConfigurationPlatforms) = postSolution
		{CAF8FF30-27A7-43F3-9C13-AC60285011C5}.Debug|Any CPU.ActiveCfg = Debug|Any CPU
		{CAF8FF30-27A7-43F3-9C13-AC60285011C5}.Debug|Any CPU.Build.0 = Debug|Any CPU
		{CAF8FF30-27A7-43F3-9C13-AC60285011C5}.Release|Any CPU.ActiveCfg = Release|Any CPU
		{CAF8FF30-27A7-43F3-9C13-AC60285011C5}.Release|Any CPU.Build.0 = Release|Any CPU
	EndGlobalSection
	GlobalSection(SolutionProperties) = preSolution
		HideSolutionNode = FALSE
	EndGlobalSection
	GlobalSection(ExtensibilityGlobals) = postSolution
		SolutionGuid = {4E8E7155-6EA3-47AF-9938-18B29F257185}
	EndGlobalSection
EndGlobal
